
Microsoft Visual Studio Solution File, Format Version 12.00
# Visual Studio Version 16
VisualStudioVersion = 16.0.30002.166
MinimumVisualStudioVersion = 10.0.40219.1
Project("{FAE04EC0-301F-11D3-BF4B-00C04F79EFBC}") = "ToUpper", "ToUpper.csproj", "{0F476C74-681D-49B4-9AF4-B2BCF2DDCFF2}"
EndProject
Global
	GlobalSection(SolutionConfigurationPlatforms) = preSolution
		Debug|Any CPU = Debug|Any CPU
		Release|Any CPU = Release|Any CPU
	EndGlobalSection
	GlobalSection(ProjectConfigurationPlatforms) = postSolution
		{0F476C74-681D-49B4-9AF4-B2BCF2DDCFF2}.Debug|Any CPU.ActiveCfg = Debug|Any CPU
		{0F476C74-681D-49B4-9AF4-B2BCF2DDCFF2}.Debug|Any CPU.Build.0 = Debug|Any CPU
		{0F476C74-681D-49B4-9AF4-B2BCF2DDCFF2}.Release|Any CPU.ActiveCfg = Release|Any CPU
		{0F476C74-681D-49B4-9AF4-B2BCF2DDCFF2}.Release|Any CPU.Build.0 = Release|Any CPU
	EndGlobalSection
	GlobalSection(SolutionProperties) = preSolution
		HideSolutionNode = FALSE
	EndGlobalSection
	GlobalSection(ExtensibilityGlobals) = postSolution
		SolutionGuid = {75C48A5C-DF0D-4CDA-B75E-2D9ACD72A3C1}
	EndGlobalSection
EndGlobal
