
Microsoft Visual Studio Solution File, Format Version 12.00
# Visual Studio Version 16
VisualStudioVersion = 16.0.30002.166
MinimumVisualStudioVersion = 10.0.40219.1
Project("{FAE04EC0-301F-11D3-BF4B-00C04F79EFBC}") = "GenericQueue", "GenericQueue.csproj", "{B7605363-F363-42B7-8F46-FD7EE75A7BF1}"
EndProject
Global
	GlobalSection(SolutionConfigurationPlatforms) = preSolution
		Debug|Any CPU = Debug|Any CPU
		Release|Any CPU = Release|Any CPU
	EndGlobalSection
	GlobalSection(ProjectConfigurationPlatforms) = postSolution
		{B7605363-F363-42B7-8F46-FD7EE75A7BF1}.Debug|Any CPU.ActiveCfg = Debug|Any CPU
		{B7605363-F363-42B7-8F46-FD7EE75A7BF1}.Debug|Any CPU.Build.0 = Debug|Any CPU
		{B7605363-F363-42B7-8F46-FD7EE75A7BF1}.Release|Any CPU.ActiveCfg = Release|Any CPU
		{B7605363-F363-42B7-8F46-FD7EE75A7BF1}.Release|Any CPU.Build.0 = Release|Any CPU
	EndGlobalSection
	GlobalSection(SolutionProperties) = preSolution
		HideSolutionNode = FALSE
	EndGlobalSection
	GlobalSection(ExtensibilityGlobals) = postSolution
		SolutionGuid = {E3C4D702-F95C-4D6B-AC19-750F146EAAA6}
	EndGlobalSection
EndGlobal
